
Microsoft Visual Studio Solution File, Format Version 12.00
# Visual Studio Version 17
VisualStudioVersion = 17.0.31903.59
MinimumVisualStudioVersion = 10.0.40219.1
Project("{2150E333-8FDC-42A3-9474-1A3956D46DE8}") = "src", "src", "{827E0CD3-B72D-47B6-A68D-7590B98EB39B}"
EndProject
Project("{2150E333-8FDC-42A3-9474-1A3956D46DE8}") = "MemberService", "MemberService", "{678FEADD-8853-EABB-AA9A-4C913948A69E}"
EndProject
Project("{FAE04EC0-301F-11D3-BF4B-00C04F79EFBC}") = "MemberService.Domain", "src\MemberService\MemberService.Domain\MemberService.Domain.csproj", "{BDADBD01-1EF9-4210-8C04-54AE8C0A32F3}"
EndProject
Project("{FAE04EC0-301F-11D3-BF4B-00C04F79EFBC}") = "MemberService.Application", "src\MemberService\MemberService.Application\MemberService.Application.csproj", "{614AFFF8-F9AA-4C83-9B57-DC94095A70B3}"
EndProject
Project("{FAE04EC0-301F-11D3-BF4B-00C04F79EFBC}") = "MemberService.Infrastructure", "src\MemberService\MemberService.Infrastructure\MemberService.Infrastructure.csproj", "{BB951172-98C0-4C7F-85AF-18AD29C445B0}"
EndProject
Project("{FAE04EC0-301F-11D3-BF4B-00C04F79EFBC}") = "MemberService.API", "src\MemberService\MemberService.API\MemberService.API.csproj", "{F939C664-9A8A-4FDA-9B6B-D193F3D33482}"
EndProject
Project("{2150E333-8FDC-42A3-9474-1A3956D46DE8}") = "tests", "tests", "{0AB3BF05-4346-4AA6-1389-037BE0695223}"
EndProject
Project("{FAE04EC0-301F-11D3-BF4B-00C04F79EFBC}") = "MemberService.Domain.Tests", "tests\MemberService.Domain.Tests\MemberService.Domain.Tests.csproj", "{E4DDFDD7-7D84-4405-8926-FC1205BBD392}"
EndProject
Project("{FAE04EC0-301F-11D3-BF4B-00C04F79EFBC}") = "MemberService.Application.Tests", "tests\MemberService.Application.Tests\MemberService.Application.Tests.csproj", "{B7F6C969-5B29-4B35-BB11-3D09F5E5192D}"
EndProject
Project("{FAE04EC0-301F-11D3-BF4B-00C04F79EFBC}") = "MemberService.Infrastructure.Tests", "tests\MemberService.Infrastructure.Tests\MemberService.Infrastructure.Tests.csproj", "{13A1C329-B77A-4A6B-A8CA-78C78630DEE8}"
EndProject
Project("{FAE04EC0-301F-11D3-BF4B-00C04F79EFBC}") = "MemberService.IntegrationTests", "tests\MemberService.IntegrationTests\MemberService.IntegrationTests.csproj", "{438585A1-A929-46B4-938A-CC31FD3ED5FC}"
EndProject
Global
	GlobalSection(SolutionConfigurationPlatforms) = preSolution
		Debug|Any CPU = Debug|Any CPU
		Debug|x64 = Debug|x64
		Debug|x86 = Debug|x86
		Release|Any CPU = Release|Any CPU
		Release|x64 = Release|x64
		Release|x86 = Release|x86
	EndGlobalSection
	GlobalSection(ProjectConfigurationPlatforms) = postSolution
		{BDADBD01-1EF9-4210-8C04-54AE8C0A32F3}.Debug|Any CPU.ActiveCfg = Debug|Any CPU
		{BDADBD01-1EF9-4210-8C04-54AE8C0A32F3}.Debug|Any CPU.Build.0 = Debug|Any CPU
		{BDADBD01-1EF9-4210-8C04-54AE8C0A32F3}.Debug|x64.ActiveCfg = Debug|Any CPU
		{BDADBD01-1EF9-4210-8C04-54AE8C0A32F3}.Debug|x64.Build.0 = Debug|Any CPU
		{BDADBD01-1EF9-4210-8C04-54AE8C0A32F3}.Debug|x86.ActiveCfg = Debug|Any CPU
		{BDADBD01-1EF9-4210-8C04-54AE8C0A32F3}.Debug|x86.Build.0 = Debug|Any CPU
		{BDADBD01-1EF9-4210-8C04-54AE8C0A32F3}.Release|Any CPU.ActiveCfg = Release|Any CPU
		{BDADBD01-1EF9-4210-8C04-54AE8C0A32F3}.Release|Any CPU.Build.0 = Release|Any CPU
		{BDADBD01-1EF9-4210-8C04-54AE8C0A32F3}.Release|x64.ActiveCfg = Release|Any CPU
		{BDADBD01-1EF9-4210-8C04-54AE8C0A32F3}.Release|x64.Build.0 = Release|Any CPU
		{BDADBD01-1EF9-4210-8C04-54AE8C0A32F3}.Release|x86.ActiveCfg = Release|Any CPU
		{BDADBD01-1EF9-4210-8C04-54AE8C0A32F3}.Release|x86.Build.0 = Release|Any CPU
		{614AFFF8-F9AA-4C83-9B57-DC94095A70B3}.Debug|Any CPU.ActiveCfg = Debug|Any CPU
		{614AFFF8-F9AA-4C83-9B57-DC94095A70B3}.Debug|Any CPU.Build.0 = Debug|Any CPU
		{614AFFF8-F9AA-4C83-9B57-DC94095A70B3}.Debug|x64.ActiveCfg = Debug|Any CPU
		{614AFFF8-F9AA-4C83-9B57-DC94095A70B3}.Debug|x64.Build.0 = Debug|Any CPU
		{614AFFF8-F9AA-4C83-9B57-DC94095A70B3}.Debug|x86.ActiveCfg = Debug|Any CPU
		{614AFFF8-F9AA-4C83-9B57-DC94095A70B3}.Debug|x86.Build.0 = Debug|Any CPU
		{614AFFF8-F9AA-4C83-9B57-DC94095A70B3}.Release|Any CPU.ActiveCfg = Release|Any CPU
		{614AFFF8-F9AA-4C83-9B57-DC94095A70B3}.Release|Any CPU.Build.0 = Release|Any CPU
		{614AFFF8-F9AA-4C83-9B57-DC94095A70B3}.Release|x64.ActiveCfg = Release|Any CPU
		{614AFFF8-F9AA-4C83-9B57-DC94095A70B3}.Release|x64.Build.0 = Release|Any CPU
		{614AFFF8-F9AA-4C83-9B57-DC94095A70B3}.Release|x86.ActiveCfg = Release|Any CPU
		{614AFFF8-F9AA-4C83-9B57-DC94095A70B3}.Release|x86.Build.0 = Release|Any CPU
		{BB951172-98C0-4C7F-85AF-18AD29C445B0}.Debug|Any CPU.ActiveCfg = Debug|Any CPU
		{BB951172-98C0-4C7F-85AF-18AD29C445B0}.Debug|Any CPU.Build.0 = Debug|Any CPU
		{BB951172-98C0-4C7F-85AF-18AD29C445B0}.Debug|x64.ActiveCfg = Debug|Any CPU
		{BB951172-98C0-4C7F-85AF-18AD29C445B0}.Debug|x64.Build.0 = Debug|Any CPU
		{BB951172-98C0-4C7F-85AF-18AD29C445B0}.Debug|x86.ActiveCfg = Debug|Any CPU
		{BB951172-98C0-4C7F-85AF-18AD29C445B0}.Debug|x86.Build.0 = Debug|Any CPU
		{BB951172-98C0-4C7F-85AF-18AD29C445B0}.Release|Any CPU.ActiveCfg = Release|Any CPU
		{BB951172-98C0-4C7F-85AF-18AD29C445B0}.Release|Any CPU.Build.0 = Release|Any CPU
		{BB951172-98C0-4C7F-85AF-18AD29C445B0}.Release|x64.ActiveCfg = Release|Any CPU
		{BB951172-98C0-4C7F-85AF-18AD29C445B0}.Release|x64.Build.0 = Release|Any CPU
		{BB951172-98C0-4C7F-85AF-18AD29C445B0}.Release|x86.ActiveCfg = Release|Any CPU
		{BB951172-98C0-4C7F-85AF-18AD29C445B0}.Release|x86.Build.0 = Release|Any CPU
		{F939C664-9A8A-4FDA-9B6B-D193F3D33482}.Debug|Any CPU.ActiveCfg = Debug|Any CPU
		{F939C664-9A8A-4FDA-9B6B-D193F3D33482}.Debug|Any CPU.Build.0 = Debug|Any CPU
		{F939C664-9A8A-4FDA-9B6B-D193F3D33482}.Debug|x64.ActiveCfg = Debug|Any CPU
		{F939C664-9A8A-4FDA-9B6B-D193F3D33482}.Debug|x64.Build.0 = Debug|Any CPU
		{F939C664-9A8A-4FDA-9B6B-D193F3D33482}.Debug|x86.ActiveCfg = Debug|Any CPU
		{F939C664-9A8A-4FDA-9B6B-D193F3D33482}.Debug|x86.Build.0 = Debug|Any CPU
		{F939C664-9A8A-4FDA-9B6B-D193F3D33482}.Release|Any CPU.ActiveCfg = Release|Any CPU
		{F939C664-9A8A-4FDA-9B6B-D193F3D33482}.Release|Any CPU.Build.0 = Release|Any CPU
		{F939C664-9A8A-4FDA-9B6B-D193F3D33482}.Release|x64.ActiveCfg = Release|Any CPU
		{F939C664-9A8A-4FDA-9B6B-D193F3D33482}.Release|x64.Build.0 = Release|Any CPU
		{F939C664-9A8A-4FDA-9B6B-D193F3D33482}.Release|x86.ActiveCfg = Release|Any CPU
		{F939C664-9A8A-4FDA-9B6B-D193F3D33482}.Release|x86.Build.0 = Release|Any CPU
		{E4DDFDD7-7D84-4405-8926-FC1205BBD392}.Debug|Any CPU.ActiveCfg = Debug|Any CPU
		{E4DDFDD7-7D84-4405-8926-FC1205BBD392}.Debug|Any CPU.Build.0 = Debug|Any CPU
		{E4DDFDD7-7D84-4405-8926-FC1205BBD392}.Debug|x64.ActiveCfg = Debug|Any CPU
		{E4DDFDD7-7D84-4405-8926-FC1205BBD392}.Debug|x64.Build.0 = Debug|Any CPU
		{E4DDFDD7-7D84-4405-8926-FC1205BBD392}.Debug|x86.ActiveCfg = Debug|Any CPU
		{E4DDFDD7-7D84-4405-8926-FC1205BBD392}.Debug|x86.Build.0 = Debug|Any CPU
		{E4DDFDD7-7D84-4405-8926-FC1205BBD392}.Release|Any CPU.ActiveCfg = Release|Any CPU
		{E4DDFDD7-7D84-4405-8926-FC1205BBD392}.Release|Any CPU.Build.0 = Release|Any CPU
		{E4DDFDD7-7D84-4405-8926-FC1205BBD392}.Release|x64.ActiveCfg = Release|Any CPU
		{E4DDFDD7-7D84-4405-8926-FC1205BBD392}.Release|x64.Build.0 = Release|Any CPU
		{E4DDFDD7-7D84-4405-8926-FC1205BBD392}.Release|x86.ActiveCfg = Release|Any CPU
		{E4DDFDD7-7D84-4405-8926-FC1205BBD392}.Release|x86.Build.0 = Release|Any CPU
		{B7F6C969-5B29-4B35-BB11-3D09F5E5192D}.Debug|Any CPU.ActiveCfg = Debug|Any CPU
		{B7F6C969-5B29-4B35-BB11-3D09F5E5192D}.Debug|Any CPU.Build.0 = Debug|Any CPU
		{B7F6C969-5B29-4B35-BB11-3D09F5E5192D}.Debug|x64.ActiveCfg = Debug|Any CPU
		{B7F6C969-5B29-4B35-BB11-3D09F5E5192D}.Debug|x64.Build.0 = Debug|Any CPU
		{B7F6C969-5B29-4B35-BB11-3D09F5E5192D}.Debug|x86.ActiveCfg = Debug|Any CPU
		{B7F6C969-5B29-4B35-BB11-3D09F5E5192D}.Debug|x86.Build.0 = Debug|Any CPU
		{B7F6C969-5B29-4B35-BB11-3D09F5E5192D}.Release|Any CPU.ActiveCfg = Release|Any CPU
		{B7F6C969-5B29-4B35-BB11-3D09F5E5192D}.Release|Any CPU.Build.0 = Release|Any CPU
		{B7F6C969-5B29-4B35-BB11-3D09F5E5192D}.Release|x64.ActiveCfg = Release|Any CPU
		{B7F6C969-5B29-4B35-BB11-3D09F5E5192D}.Release|x64.Build.0 = Release|Any CPU
		{B7F6C969-5B29-4B35-BB11-3D09F5E5192D}.Release|x86.ActiveCfg = Release|Any CPU
		{B7F6C969-5B29-4B35-BB11-3D09F5E5192D}.Release|x86.Build.0 = Release|Any CPU
		{13A1C329-B77A-4A6B-A8CA-78C78630DEE8}.Debug|Any CPU.ActiveCfg = Debug|Any CPU
		{13A1C329-B77A-4A6B-A8CA-78C78630DEE8}.Debug|Any CPU.Build.0 = Debug|Any CPU
		{13A1C329-B77A-4A6B-A8CA-78C78630DEE8}.Debug|x64.ActiveCfg = Debug|Any CPU
		{13A1C329-B77A-4A6B-A8CA-78C78630DEE8}.Debug|x64.Build.0 = Debug|Any CPU
		{13A1C329-B77A-4A6B-A8CA-78C78630DEE8}.Debug|x86.ActiveCfg = Debug|Any CPU
		{13A1C329-B77A-4A6B-A8CA-78C78630DEE8}.Debug|x86.Build.0 = Debug|Any CPU
		{13A1C329-B77A-4A6B-A8CA-78C78630DEE8}.Release|Any CPU.ActiveCfg = Release|Any CPU
		{13A1C329-B77A-4A6B-A8CA-78C78630DEE8}.Release|Any CPU.Build.0 = Release|Any CPU
		{13A1C329-B77A-4A6B-A8CA-78C78630DEE8}.Release|x64.ActiveCfg = Release|Any CPU
		{13A1C329-B77A-4A6B-A8CA-78C78630DEE8}.Release|x64.Build.0 = Release|Any CPU
		{13A1C329-B77A-4A6B-A8CA-78C78630DEE8}.Release|x86.ActiveCfg = Release|Any CPU
		{13A1C329-B77A-4A6B-A8CA-78C78630DEE8}.Release|x86.Build.0 = Release|Any CPU
		{438585A1-A929-46B4-938A-CC31FD3ED5FC}.Debug|Any CPU.ActiveCfg = Debug|Any CPU
		{438585A1-A929-46B4-938A-CC31FD3ED5FC}.Debug|Any CPU.Build.0 = Debug|Any CPU
		{438585A1-A929-46B4-938A-CC31FD3ED5FC}.Debug|x64.ActiveCfg = Debug|Any CPU
		{438585A1-A929-46B4-938A-CC31FD3ED5FC}.Debug|x64.Build.0 = Debug|Any CPU
		{438585A1-A929-46B4-938A-CC31FD3ED5FC}.Debug|x86.ActiveCfg = Debug|Any CPU
		{438585A1-A929-46B4-938A-CC31FD3ED5FC}.Debug|x86.Build.0 = Debug|Any CPU
		{438585A1-A929-46B4-938A-CC31FD3ED5FC}.Release|Any CPU.ActiveCfg = Release|Any CPU
		{438585A1-A929-46B4-938A-CC31FD3ED5FC}.Release|Any CPU.Build.0 = Release|Any CPU
		{438585A1-A929-46B4-938A-CC31FD3ED5FC}.Release|x64.ActiveCfg = Release|Any CPU
		{438585A1-A929-46B4-938A-CC31FD3ED5FC}.Release|x64.Build.0 = Release|Any CPU
		{438585A1-A929-46B4-938A-CC31FD3ED5FC}.Release|x86.ActiveCfg = Release|Any CPU
		{438585A1-A929-46B4-938A-CC31FD3ED5FC}.Release|x86.Build.0 = Release|Any CPU
	EndGlobalSection
	GlobalSection(SolutionProperties) = preSolution
		HideSolutionNode = FALSE
	EndGlobalSection
	GlobalSection(NestedProjects) = preSolution
		{678FEADD-8853-EABB-AA9A-4C913948A69E} = {827E0CD3-B72D-47B6-A68D-7590B98EB39B}
		{BDADBD01-1EF9-4210-8C04-54AE8C0A32F3} = {678FEADD-8853-EABB-AA9A-4C913948A69E}
		{614AFFF8-F9AA-4C83-9B57-DC94095A70B3} = {678FEADD-8853-EABB-AA9A-4C913948A69E}
		{BB951172-98C0-4C7F-85AF-18AD29C445B0} = {678FEADD-8853-EABB-AA9A-4C913948A69E}
		{F939C664-9A8A-4FDA-9B6B-D193F3D33482} = {678FEADD-8853-EABB-AA9A-4C913948A69E}
		{E4DDFDD7-7D84-4405-8926-FC1205BBD392} = {0AB3BF05-4346-4AA6-1389-037BE0695223}
		{B7F6C969-5B29-4B35-BB11-3D09F5E5192D} = {0AB3BF05-4346-4AA6-1389-037BE0695223}
		{13A1C329-B77A-4A6B-A8CA-78C78630DEE8} = {0AB3BF05-4346-4AA6-1389-037BE0695223}
		{438585A1-A929-46B4-938A-CC31FD3ED5FC} = {0AB3BF05-4346-4AA6-1389-037BE0695223}
	EndGlobalSection
EndGlobal
