
Microsoft Visual Studio Solution File, Format Version 12.00
# Visual Studio Version 17
VisualStudioVersion = 17.0.31903.59
MinimumVisualStudioVersion = 10.0.40219.1
Project("{2150E333-8FDC-42A3-9474-1A3956D46DE8}") = "src", "src", "{827E0CD3-B72D-47B6-A68D-7590B98EB39B}"
EndProject
Project("{FAE04EC0-301F-11D3-BF4B-00C04F79EFBC}") = "MemberService.Domain", "src\MemberService.Domain\MemberService.Domain.csproj", "{68574C1A-5587-4B7B-A162-12DAA7A4AF55}"
EndProject
Project("{FAE04EC0-301F-11D3-BF4B-00C04F79EFBC}") = "MemberService.Application", "src\MemberService.Application\MemberService.Application.csproj", "{1802C0C9-C187-4D91-A1AA-5626990770C4}"
EndProject
Project("{FAE04EC0-301F-11D3-BF4B-00C04F79EFBC}") = "MemberService.Infrastructure", "src\MemberService.Infrastructure\MemberService.Infrastructure.csproj", "{237A5C4D-EE1D-4179-BAE2-0A9356024465}"
EndProject
Project("{FAE04EC0-301F-11D3-BF4B-00C04F79EFBC}") = "MemberService.API", "src\MemberService.API\MemberService.API.csproj", "{5DCE1783-88D4-4033-AC41-7790954ED36F}"
EndProject
Project("{2150E333-8FDC-42A3-9474-1A3956D46DE8}") = "tests", "tests", "{0AB3BF05-4346-4AA6-1389-037BE0695223}"
EndProject
Project("{FAE04EC0-301F-11D3-BF4B-00C04F79EFBC}") = "MemberService.Domain.Tests", "tests\MemberService.Domain.Tests\MemberService.Domain.Tests.csproj", "{E32CC0EB-14E9-4A5A-855A-1F79FC4ACDB1}"
EndProject
Project("{FAE04EC0-301F-11D3-BF4B-00C04F79EFBC}") = "MemberService.Application.Tests", "tests\MemberService.Application.Tests\MemberService.Application.Tests.csproj", "{1BAD12E6-CA1E-4068-B09E-BFDFE3A6C642}"
EndProject
Project("{FAE04EC0-301F-11D3-BF4B-00C04F79EFBC}") = "MemberService.Infrastructure.Tests", "tests\MemberService.Infrastructure.Tests\MemberService.Infrastructure.Tests.csproj", "{9AF2E58A-56B6-46FD-95E5-F9B91589A5F8}"
EndProject
Project("{FAE04EC0-301F-11D3-BF4B-00C04F79EFBC}") = "MemberService.IntegrationTests", "tests\MemberService.IntegrationTests\MemberService.IntegrationTests.csproj", "{CDA0BFB3-2746-4D58-96FB-E9D0626E1A2C}"
EndProject
Project("{FAE04EC0-301F-11D3-BF4B-00C04F79EFBC}") = "MemberService.Benchmarks", "src\MemberService.Benchmarks\MemberService.Benchmarks.csproj", "{E64B3838-9EEC-44BD-9A08-589C85D8E7C3}"
EndProject
Global
	GlobalSection(SolutionConfigurationPlatforms) = preSolution
		Debug|Any CPU = Debug|Any CPU
		Debug|x64 = Debug|x64
		Debug|x86 = Debug|x86
		Release|Any CPU = Release|Any CPU
		Release|x64 = Release|x64
		Release|x86 = Release|x86
	EndGlobalSection
	GlobalSection(ProjectConfigurationPlatforms) = postSolution
		{68574C1A-5587-4B7B-A162-12DAA7A4AF55}.Debug|Any CPU.ActiveCfg = Debug|Any CPU
		{68574C1A-5587-4B7B-A162-12DAA7A4AF55}.Debug|Any CPU.Build.0 = Debug|Any CPU
		{68574C1A-5587-4B7B-A162-12DAA7A4AF55}.Debug|x64.ActiveCfg = Debug|Any CPU
		{68574C1A-5587-4B7B-A162-12DAA7A4AF55}.Debug|x64.Build.0 = Debug|Any CPU
		{68574C1A-5587-4B7B-A162-12DAA7A4AF55}.Debug|x86.ActiveCfg = Debug|Any CPU
		{68574C1A-5587-4B7B-A162-12DAA7A4AF55}.Debug|x86.Build.0 = Debug|Any CPU
		{68574C1A-5587-4B7B-A162-12DAA7A4AF55}.Release|Any CPU.ActiveCfg = Release|Any CPU
		{68574C1A-5587-4B7B-A162-12DAA7A4AF55}.Release|Any CPU.Build.0 = Release|Any CPU
		{68574C1A-5587-4B7B-A162-12DAA7A4AF55}.Release|x64.ActiveCfg = Release|Any CPU
		{68574C1A-5587-4B7B-A162-12DAA7A4AF55}.Release|x64.Build.0 = Release|Any CPU
		{68574C1A-5587-4B7B-A162-12DAA7A4AF55}.Release|x86.ActiveCfg = Release|Any CPU
		{68574C1A-5587-4B7B-A162-12DAA7A4AF55}.Release|x86.Build.0 = Release|Any CPU
		{1802C0C9-C187-4D91-A1AA-5626990770C4}.Debug|Any CPU.ActiveCfg = Debug|Any CPU
		{1802C0C9-C187-4D91-A1AA-5626990770C4}.Debug|Any CPU.Build.0 = Debug|Any CPU
		{1802C0C9-C187-4D91-A1AA-5626990770C4}.Debug|x64.ActiveCfg = Debug|Any CPU
		{1802C0C9-C187-4D91-A1AA-5626990770C4}.Debug|x64.Build.0 = Debug|Any CPU
		{1802C0C9-C187-4D91-A1AA-5626990770C4}.Debug|x86.ActiveCfg = Debug|Any CPU
		{1802C0C9-C187-4D91-A1AA-5626990770C4}.Debug|x86.Build.0 = Debug|Any CPU
		{1802C0C9-C187-4D91-A1AA-5626990770C4}.Release|Any CPU.ActiveCfg = Release|Any CPU
		{1802C0C9-C187-4D91-A1AA-5626990770C4}.Release|Any CPU.Build.0 = Release|Any CPU
		{1802C0C9-C187-4D91-A1AA-5626990770C4}.Release|x64.ActiveCfg = Release|Any CPU
		{1802C0C9-C187-4D91-A1AA-5626990770C4}.Release|x64.Build.0 = Release|Any CPU
		{1802C0C9-C187-4D91-A1AA-5626990770C4}.Release|x86.ActiveCfg = Release|Any CPU
		{1802C0C9-C187-4D91-A1AA-5626990770C4}.Release|x86.Build.0 = Release|Any CPU
		{237A5C4D-EE1D-4179-BAE2-0A9356024465}.Debug|Any CPU.ActiveCfg = Debug|Any CPU
		{237A5C4D-EE1D-4179-BAE2-0A9356024465}.Debug|Any CPU.Build.0 = Debug|Any CPU
		{237A5C4D-EE1D-4179-BAE2-0A9356024465}.Debug|x64.ActiveCfg = Debug|Any CPU
		{237A5C4D-EE1D-4179-BAE2-0A9356024465}.Debug|x64.Build.0 = Debug|Any CPU
		{237A5C4D-EE1D-4179-BAE2-0A9356024465}.Debug|x86.ActiveCfg = Debug|Any CPU
		{237A5C4D-EE1D-4179-BAE2-0A9356024465}.Debug|x86.Build.0 = Debug|Any CPU
		{237A5C4D-EE1D-4179-BAE2-0A9356024465}.Release|Any CPU.ActiveCfg = Release|Any CPU
		{237A5C4D-EE1D-4179-BAE2-0A9356024465}.Release|Any CPU.Build.0 = Release|Any CPU
		{237A5C4D-EE1D-4179-BAE2-0A9356024465}.Release|x64.ActiveCfg = Release|Any CPU
		{237A5C4D-EE1D-4179-BAE2-0A9356024465}.Release|x64.Build.0 = Release|Any CPU
		{237A5C4D-EE1D-4179-BAE2-0A9356024465}.Release|x86.ActiveCfg = Release|Any CPU
		{237A5C4D-EE1D-4179-BAE2-0A9356024465}.Release|x86.Build.0 = Release|Any CPU
		{5DCE1783-88D4-4033-AC41-7790954ED36F}.Debug|Any CPU.ActiveCfg = Debug|Any CPU
		{5DCE1783-88D4-4033-AC41-7790954ED36F}.Debug|Any CPU.Build.0 = Debug|Any CPU
		{5DCE1783-88D4-4033-AC41-7790954ED36F}.Debug|x64.ActiveCfg = Debug|Any CPU
		{5DCE1783-88D4-4033-AC41-7790954ED36F}.Debug|x64.Build.0 = Debug|Any CPU
		{5DCE1783-88D4-4033-AC41-7790954ED36F}.Debug|x86.ActiveCfg = Debug|Any CPU
		{5DCE1783-88D4-4033-AC41-7790954ED36F}.Debug|x86.Build.0 = Debug|Any CPU
		{5DCE1783-88D4-4033-AC41-7790954ED36F}.Release|Any CPU.ActiveCfg = Release|Any CPU
		{5DCE1783-88D4-4033-AC41-7790954ED36F}.Release|Any CPU.Build.0 = Release|Any CPU
		{5DCE1783-88D4-4033-AC41-7790954ED36F}.Release|x64.ActiveCfg = Release|Any CPU
		{5DCE1783-88D4-4033-AC41-7790954ED36F}.Release|x64.Build.0 = Release|Any CPU
		{5DCE1783-88D4-4033-AC41-7790954ED36F}.Release|x86.ActiveCfg = Release|Any CPU
		{5DCE1783-88D4-4033-AC41-7790954ED36F}.Release|x86.Build.0 = Release|Any CPU
		{E32CC0EB-14E9-4A5A-855A-1F79FC4ACDB1}.Debug|Any CPU.ActiveCfg = Debug|Any CPU
		{E32CC0EB-14E9-4A5A-855A-1F79FC4ACDB1}.Debug|Any CPU.Build.0 = Debug|Any CPU
		{E32CC0EB-14E9-4A5A-855A-1F79FC4ACDB1}.Debug|x64.ActiveCfg = Debug|Any CPU
		{E32CC0EB-14E9-4A5A-855A-1F79FC4ACDB1}.Debug|x64.Build.0 = Debug|Any CPU
		{E32CC0EB-14E9-4A5A-855A-1F79FC4ACDB1}.Debug|x86.ActiveCfg = Debug|Any CPU
		{E32CC0EB-14E9-4A5A-855A-1F79FC4ACDB1}.Debug|x86.Build.0 = Debug|Any CPU
		{E32CC0EB-14E9-4A5A-855A-1F79FC4ACDB1}.Release|Any CPU.ActiveCfg = Release|Any CPU
		{E32CC0EB-14E9-4A5A-855A-1F79FC4ACDB1}.Release|Any CPU.Build.0 = Release|Any CPU
		{E32CC0EB-14E9-4A5A-855A-1F79FC4ACDB1}.Release|x64.ActiveCfg = Release|Any CPU
		{E32CC0EB-14E9-4A5A-855A-1F79FC4ACDB1}.Release|x64.Build.0 = Release|Any CPU
		{E32CC0EB-14E9-4A5A-855A-1F79FC4ACDB1}.Release|x86.ActiveCfg = Release|Any CPU
		{E32CC0EB-14E9-4A5A-855A-1F79FC4ACDB1}.Release|x86.Build.0 = Release|Any CPU
		{1BAD12E6-CA1E-4068-B09E-BFDFE3A6C642}.Debug|Any CPU.ActiveCfg = Debug|Any CPU
		{1BAD12E6-CA1E-4068-B09E-BFDFE3A6C642}.Debug|Any CPU.Build.0 = Debug|Any CPU
		{1BAD12E6-CA1E-4068-B09E-BFDFE3A6C642}.Debug|x64.ActiveCfg = Debug|Any CPU
		{1BAD12E6-CA1E-4068-B09E-BFDFE3A6C642}.Debug|x64.Build.0 = Debug|Any CPU
		{1BAD12E6-CA1E-4068-B09E-BFDFE3A6C642}.Debug|x86.ActiveCfg = Debug|Any CPU
		{1BAD12E6-CA1E-4068-B09E-BFDFE3A6C642}.Debug|x86.Build.0 = Debug|Any CPU
		{1BAD12E6-CA1E-4068-B09E-BFDFE3A6C642}.Release|Any CPU.ActiveCfg = Release|Any CPU
		{1BAD12E6-CA1E-4068-B09E-BFDFE3A6C642}.Release|Any CPU.Build.0 = Release|Any CPU
		{1BAD12E6-CA1E-4068-B09E-BFDFE3A6C642}.Release|x64.ActiveCfg = Release|Any CPU
		{1BAD12E6-CA1E-4068-B09E-BFDFE3A6C642}.Release|x64.Build.0 = Release|Any CPU
		{1BAD12E6-CA1E-4068-B09E-BFDFE3A6C642}.Release|x86.ActiveCfg = Release|Any CPU
		{1BAD12E6-CA1E-4068-B09E-BFDFE3A6C642}.Release|x86.Build.0 = Release|Any CPU
		{9AF2E58A-56B6-46FD-95E5-F9B91589A5F8}.Debug|Any CPU.ActiveCfg = Debug|Any CPU
		{9AF2E58A-56B6-46FD-95E5-F9B91589A5F8}.Debug|Any CPU.Build.0 = Debug|Any CPU
		{9AF2E58A-56B6-46FD-95E5-F9B91589A5F8}.Debug|x64.ActiveCfg = Debug|Any CPU
		{9AF2E58A-56B6-46FD-95E5-F9B91589A5F8}.Debug|x64.Build.0 = Debug|Any CPU
		{9AF2E58A-56B6-46FD-95E5-F9B91589A5F8}.Debug|x86.ActiveCfg = Debug|Any CPU
		{9AF2E58A-56B6-46FD-95E5-F9B91589A5F8}.Debug|x86.Build.0 = Debug|Any CPU
		{9AF2E58A-56B6-46FD-95E5-F9B91589A5F8}.Release|Any CPU.ActiveCfg = Release|Any CPU
		{9AF2E58A-56B6-46FD-95E5-F9B91589A5F8}.Release|Any CPU.Build.0 = Release|Any CPU
		{9AF2E58A-56B6-46FD-95E5-F9B91589A5F8}.Release|x64.ActiveCfg = Release|Any CPU
		{9AF2E58A-56B6-46FD-95E5-F9B91589A5F8}.Release|x64.Build.0 = Release|Any CPU
		{9AF2E58A-56B6-46FD-95E5-F9B91589A5F8}.Release|x86.ActiveCfg = Release|Any CPU
		{9AF2E58A-56B6-46FD-95E5-F9B91589A5F8}.Release|x86.Build.0 = Release|Any CPU
		{CDA0BFB3-2746-4D58-96FB-E9D0626E1A2C}.Debug|Any CPU.ActiveCfg = Debug|Any CPU
		{CDA0BFB3-2746-4D58-96FB-E9D0626E1A2C}.Debug|Any CPU.Build.0 = Debug|Any CPU
		{CDA0BFB3-2746-4D58-96FB-E9D0626E1A2C}.Debug|x64.ActiveCfg = Debug|Any CPU
		{CDA0BFB3-2746-4D58-96FB-E9D0626E1A2C}.Debug|x64.Build.0 = Debug|Any CPU
		{CDA0BFB3-2746-4D58-96FB-E9D0626E1A2C}.Debug|x86.ActiveCfg = Debug|Any CPU
		{CDA0BFB3-2746-4D58-96FB-E9D0626E1A2C}.Debug|x86.Build.0 = Debug|Any CPU
		{CDA0BFB3-2746-4D58-96FB-E9D0626E1A2C}.Release|Any CPU.ActiveCfg = Release|Any CPU
		{CDA0BFB3-2746-4D58-96FB-E9D0626E1A2C}.Release|Any CPU.Build.0 = Release|Any CPU
		{CDA0BFB3-2746-4D58-96FB-E9D0626E1A2C}.Release|x64.ActiveCfg = Release|Any CPU
		{CDA0BFB3-2746-4D58-96FB-E9D0626E1A2C}.Release|x64.Build.0 = Release|Any CPU
		{CDA0BFB3-2746-4D58-96FB-E9D0626E1A2C}.Release|x86.ActiveCfg = Release|Any CPU
		{CDA0BFB3-2746-4D58-96FB-E9D0626E1A2C}.Release|x86.Build.0 = Release|Any CPU
		{E64B3838-9EEC-44BD-9A08-589C85D8E7C3}.Debug|Any CPU.ActiveCfg = Debug|Any CPU
		{E64B3838-9EEC-44BD-9A08-589C85D8E7C3}.Debug|Any CPU.Build.0 = Debug|Any CPU
		{E64B3838-9EEC-44BD-9A08-589C85D8E7C3}.Debug|x64.ActiveCfg = Debug|Any CPU
		{E64B3838-9EEC-44BD-9A08-589C85D8E7C3}.Debug|x64.Build.0 = Debug|Any CPU
		{E64B3838-9EEC-44BD-9A08-589C85D8E7C3}.Debug|x86.ActiveCfg = Debug|Any CPU
		{E64B3838-9EEC-44BD-9A08-589C85D8E7C3}.Debug|x86.Build.0 = Debug|Any CPU
		{E64B3838-9EEC-44BD-9A08-589C85D8E7C3}.Release|Any CPU.ActiveCfg = Release|Any CPU
		{E64B3838-9EEC-44BD-9A08-589C85D8E7C3}.Release|Any CPU.Build.0 = Release|Any CPU
		{E64B3838-9EEC-44BD-9A08-589C85D8E7C3}.Release|x64.ActiveCfg = Release|Any CPU
		{E64B3838-9EEC-44BD-9A08-589C85D8E7C3}.Release|x64.Build.0 = Release|Any CPU
		{E64B3838-9EEC-44BD-9A08-589C85D8E7C3}.Release|x86.ActiveCfg = Release|Any CPU
		{E64B3838-9EEC-44BD-9A08-589C85D8E7C3}.Release|x86.Build.0 = Release|Any CPU
	EndGlobalSection
	GlobalSection(SolutionProperties) = preSolution
		HideSolutionNode = FALSE
	EndGlobalSection
	GlobalSection(NestedProjects) = preSolution
		{68574C1A-5587-4B7B-A162-12DAA7A4AF55} = {827E0CD3-B72D-47B6-A68D-7590B98EB39B}
		{1802C0C9-C187-4D91-A1AA-5626990770C4} = {827E0CD3-B72D-47B6-A68D-7590B98EB39B}
		{237A5C4D-EE1D-4179-BAE2-0A9356024465} = {827E0CD3-B72D-47B6-A68D-7590B98EB39B}
		{5DCE1783-88D4-4033-AC41-7790954ED36F} = {827E0CD3-B72D-47B6-A68D-7590B98EB39B}
		{E32CC0EB-14E9-4A5A-855A-1F79FC4ACDB1} = {0AB3BF05-4346-4AA6-1389-037BE0695223}
		{1BAD12E6-CA1E-4068-B09E-BFDFE3A6C642} = {0AB3BF05-4346-4AA6-1389-037BE0695223}
		{9AF2E58A-56B6-46FD-95E5-F9B91589A5F8} = {0AB3BF05-4346-4AA6-1389-037BE0695223}
		{CDA0BFB3-2746-4D58-96FB-E9D0626E1A2C} = {0AB3BF05-4346-4AA6-1389-037BE0695223}
	EndGlobalSection
EndGlobal
