
Microsoft Visual Studio Solution File, Format Version 12.00
# Visual Studio Version 17
VisualStudioVersion = 17.0.31903.59
MinimumVisualStudioVersion = 10.0.40219.1
Project("{2150E333-8FDC-42A3-9474-1A3956D46DE8}") = "src", "src", "{827E0CD3-B72D-47B6-A68D-7590B98EB39B}"
EndProject
Project("{FAE04EC0-301F-11D3-BF4B-00C04F79EFBC}") = "AuctionService.Api", "src\AuctionService.Api\AuctionService.Api.csproj", "{A0FE4A3C-BFDB-48F2-9F89-C2B24E0CD2C5}"
EndProject
Project("{FAE04EC0-301F-11D3-BF4B-00C04F79EFBC}") = "AuctionService.Core", "src\AuctionService.Core\AuctionService.Core.csproj", "{17BE5454-F192-4821-B728-C196F49E95B8}"
EndProject
Project("{FAE04EC0-301F-11D3-BF4B-00C04F79EFBC}") = "AuctionService.Infrastructure", "src\AuctionService.Infrastructure\AuctionService.Infrastructure.csproj", "{75552EA0-62A9-46A9-B6B0-D399F99B96EB}"
EndProject
Project("{FAE04EC0-301F-11D3-BF4B-00C04F79EFBC}") = "AuctionService.Shared", "src\AuctionService.Shared\AuctionService.Shared.csproj", "{5D9F2043-85A4-4FBB-956C-131F35871661}"
EndProject
Project("{2150E333-8FDC-42A3-9474-1A3956D46DE8}") = "tests", "tests", "{0AB3BF05-4346-4AA6-1389-037BE0695223}"
EndProject
Project("{FAE04EC0-301F-11D3-BF4B-00C04F79EFBC}") = "AuctionService.UnitTests", "tests\AuctionService.UnitTests\AuctionService.UnitTests.csproj", "{517F277C-CD3D-475C-9B46-12AA0772895D}"
EndProject
Project("{FAE04EC0-301F-11D3-BF4B-00C04F79EFBC}") = "AuctionService.IntegrationTests", "tests\AuctionService.IntegrationTests\AuctionService.IntegrationTests.csproj", "{9A41E960-8596-41A7-B70D-4CAD1A31345C}"
EndProject
Project("{FAE04EC0-301F-11D3-BF4B-00C04F79EFBC}") = "AuctionService.ContractTests", "tests\AuctionService.ContractTests\AuctionService.ContractTests.csproj", "{FC06A18D-5542-4D40-83DD-D1D154291BD5}"
EndProject
Project("{FAE04EC0-301F-11D3-BF4B-00C04F79EFBC}") = "AuctionService.LoadTest", "LoadTest\AuctionService.LoadTest.csproj", "{D2C3C475-D844-441C-932E-85B2149BA3CC}"
EndProject
Global
	GlobalSection(SolutionConfigurationPlatforms) = preSolution
		Debug|Any CPU = Debug|Any CPU
		Debug|x64 = Debug|x64
		Debug|x86 = Debug|x86
		Release|Any CPU = Release|Any CPU
		Release|x64 = Release|x64
		Release|x86 = Release|x86
	EndGlobalSection
	GlobalSection(ProjectConfigurationPlatforms) = postSolution
		{A0FE4A3C-BFDB-48F2-9F89-C2B24E0CD2C5}.Debug|Any CPU.ActiveCfg = Debug|Any CPU
		{A0FE4A3C-BFDB-48F2-9F89-C2B24E0CD2C5}.Debug|Any CPU.Build.0 = Debug|Any CPU
		{A0FE4A3C-BFDB-48F2-9F89-C2B24E0CD2C5}.Debug|x64.ActiveCfg = Debug|Any CPU
		{A0FE4A3C-BFDB-48F2-9F89-C2B24E0CD2C5}.Debug|x64.Build.0 = Debug|Any CPU
		{A0FE4A3C-BFDB-48F2-9F89-C2B24E0CD2C5}.Debug|x86.ActiveCfg = Debug|Any CPU
		{A0FE4A3C-BFDB-48F2-9F89-C2B24E0CD2C5}.Debug|x86.Build.0 = Debug|Any CPU
		{A0FE4A3C-BFDB-48F2-9F89-C2B24E0CD2C5}.Release|Any CPU.ActiveCfg = Release|Any CPU
		{A0FE4A3C-BFDB-48F2-9F89-C2B24E0CD2C5}.Release|Any CPU.Build.0 = Release|Any CPU
		{A0FE4A3C-BFDB-48F2-9F89-C2B24E0CD2C5}.Release|x64.ActiveCfg = Release|Any CPU
		{A0FE4A3C-BFDB-48F2-9F89-C2B24E0CD2C5}.Release|x64.Build.0 = Release|Any CPU
		{A0FE4A3C-BFDB-48F2-9F89-C2B24E0CD2C5}.Release|x86.ActiveCfg = Release|Any CPU
		{A0FE4A3C-BFDB-48F2-9F89-C2B24E0CD2C5}.Release|x86.Build.0 = Release|Any CPU
		{17BE5454-F192-4821-B728-C196F49E95B8}.Debug|Any CPU.ActiveCfg = Debug|Any CPU
		{17BE5454-F192-4821-B728-C196F49E95B8}.Debug|Any CPU.Build.0 = Debug|Any CPU
		{17BE5454-F192-4821-B728-C196F49E95B8}.Debug|x64.ActiveCfg = Debug|Any CPU
		{17BE5454-F192-4821-B728-C196F49E95B8}.Debug|x64.Build.0 = Debug|Any CPU
		{17BE5454-F192-4821-B728-C196F49E95B8}.Debug|x86.ActiveCfg = Debug|Any CPU
		{17BE5454-F192-4821-B728-C196F49E95B8}.Debug|x86.Build.0 = Debug|Any CPU
		{17BE5454-F192-4821-B728-C196F49E95B8}.Release|Any CPU.ActiveCfg = Release|Any CPU
		{17BE5454-F192-4821-B728-C196F49E95B8}.Release|Any CPU.Build.0 = Release|Any CPU
		{17BE5454-F192-4821-B728-C196F49E95B8}.Release|x64.ActiveCfg = Release|Any CPU
		{17BE5454-F192-4821-B728-C196F49E95B8}.Release|x64.Build.0 = Release|Any CPU
		{17BE5454-F192-4821-B728-C196F49E95B8}.Release|x86.ActiveCfg = Release|Any CPU
		{17BE5454-F192-4821-B728-C196F49E95B8}.Release|x86.Build.0 = Release|Any CPU
		{75552EA0-62A9-46A9-B6B0-D399F99B96EB}.Debug|Any CPU.ActiveCfg = Debug|Any CPU
		{75552EA0-62A9-46A9-B6B0-D399F99B96EB}.Debug|Any CPU.Build.0 = Debug|Any CPU
		{75552EA0-62A9-46A9-B6B0-D399F99B96EB}.Debug|x64.ActiveCfg = Debug|Any CPU
		{75552EA0-62A9-46A9-B6B0-D399F99B96EB}.Debug|x64.Build.0 = Debug|Any CPU
		{75552EA0-62A9-46A9-B6B0-D399F99B96EB}.Debug|x86.ActiveCfg = Debug|Any CPU
		{75552EA0-62A9-46A9-B6B0-D399F99B96EB}.Debug|x86.Build.0 = Debug|Any CPU
		{75552EA0-62A9-46A9-B6B0-D399F99B96EB}.Release|Any CPU.ActiveCfg = Release|Any CPU
		{75552EA0-62A9-46A9-B6B0-D399F99B96EB}.Release|Any CPU.Build.0 = Release|Any CPU
		{75552EA0-62A9-46A9-B6B0-D399F99B96EB}.Release|x64.ActiveCfg = Release|Any CPU
		{75552EA0-62A9-46A9-B6B0-D399F99B96EB}.Release|x64.Build.0 = Release|Any CPU
		{75552EA0-62A9-46A9-B6B0-D399F99B96EB}.Release|x86.ActiveCfg = Release|Any CPU
		{75552EA0-62A9-46A9-B6B0-D399F99B96EB}.Release|x86.Build.0 = Release|Any CPU
		{5D9F2043-85A4-4FBB-956C-131F35871661}.Debug|Any CPU.ActiveCfg = Debug|Any CPU
		{5D9F2043-85A4-4FBB-956C-131F35871661}.Debug|Any CPU.Build.0 = Debug|Any CPU
		{5D9F2043-85A4-4FBB-956C-131F35871661}.Debug|x64.ActiveCfg = Debug|Any CPU
		{5D9F2043-85A4-4FBB-956C-131F35871661}.Debug|x64.Build.0 = Debug|Any CPU
		{5D9F2043-85A4-4FBB-956C-131F35871661}.Debug|x86.ActiveCfg = Debug|Any CPU
		{5D9F2043-85A4-4FBB-956C-131F35871661}.Debug|x86.Build.0 = Debug|Any CPU
		{5D9F2043-85A4-4FBB-956C-131F35871661}.Release|Any CPU.ActiveCfg = Release|Any CPU
		{5D9F2043-85A4-4FBB-956C-131F35871661}.Release|Any CPU.Build.0 = Release|Any CPU
		{5D9F2043-85A4-4FBB-956C-131F35871661}.Release|x64.ActiveCfg = Release|Any CPU
		{5D9F2043-85A4-4FBB-956C-131F35871661}.Release|x64.Build.0 = Release|Any CPU
		{5D9F2043-85A4-4FBB-956C-131F35871661}.Release|x86.ActiveCfg = Release|Any CPU
		{5D9F2043-85A4-4FBB-956C-131F35871661}.Release|x86.Build.0 = Release|Any CPU
		{517F277C-CD3D-475C-9B46-12AA0772895D}.Debug|Any CPU.ActiveCfg = Debug|Any CPU
		{517F277C-CD3D-475C-9B46-12AA0772895D}.Debug|Any CPU.Build.0 = Debug|Any CPU
		{517F277C-CD3D-475C-9B46-12AA0772895D}.Debug|x64.ActiveCfg = Debug|Any CPU
		{517F277C-CD3D-475C-9B46-12AA0772895D}.Debug|x64.Build.0 = Debug|Any CPU
		{517F277C-CD3D-475C-9B46-12AA0772895D}.Debug|x86.ActiveCfg = Debug|Any CPU
		{517F277C-CD3D-475C-9B46-12AA0772895D}.Debug|x86.Build.0 = Debug|Any CPU
		{517F277C-CD3D-475C-9B46-12AA0772895D}.Release|Any CPU.ActiveCfg = Release|Any CPU
		{517F277C-CD3D-475C-9B46-12AA0772895D}.Release|Any CPU.Build.0 = Release|Any CPU
		{517F277C-CD3D-475C-9B46-12AA0772895D}.Release|x64.ActiveCfg = Release|Any CPU
		{517F277C-CD3D-475C-9B46-12AA0772895D}.Release|x64.Build.0 = Release|Any CPU
		{517F277C-CD3D-475C-9B46-12AA0772895D}.Release|x86.ActiveCfg = Release|Any CPU
		{517F277C-CD3D-475C-9B46-12AA0772895D}.Release|x86.Build.0 = Release|Any CPU
		{9A41E960-8596-41A7-B70D-4CAD1A31345C}.Debug|Any CPU.ActiveCfg = Debug|Any CPU
		{9A41E960-8596-41A7-B70D-4CAD1A31345C}.Debug|Any CPU.Build.0 = Debug|Any CPU
		{9A41E960-8596-41A7-B70D-4CAD1A31345C}.Debug|x64.ActiveCfg = Debug|Any CPU
		{9A41E960-8596-41A7-B70D-4CAD1A31345C}.Debug|x64.Build.0 = Debug|Any CPU
		{9A41E960-8596-41A7-B70D-4CAD1A31345C}.Debug|x86.ActiveCfg = Debug|Any CPU
		{9A41E960-8596-41A7-B70D-4CAD1A31345C}.Debug|x86.Build.0 = Debug|Any CPU
		{9A41E960-8596-41A7-B70D-4CAD1A31345C}.Release|Any CPU.ActiveCfg = Release|Any CPU
		{9A41E960-8596-41A7-B70D-4CAD1A31345C}.Release|Any CPU.Build.0 = Release|Any CPU
		{9A41E960-8596-41A7-B70D-4CAD1A31345C}.Release|x64.ActiveCfg = Release|Any CPU
		{9A41E960-8596-41A7-B70D-4CAD1A31345C}.Release|x64.Build.0 = Release|Any CPU
		{9A41E960-8596-41A7-B70D-4CAD1A31345C}.Release|x86.ActiveCfg = Release|Any CPU
		{9A41E960-8596-41A7-B70D-4CAD1A31345C}.Release|x86.Build.0 = Release|Any CPU
		{FC06A18D-5542-4D40-83DD-D1D154291BD5}.Debug|Any CPU.ActiveCfg = Debug|Any CPU
		{FC06A18D-5542-4D40-83DD-D1D154291BD5}.Debug|Any CPU.Build.0 = Debug|Any CPU
		{FC06A18D-5542-4D40-83DD-D1D154291BD5}.Debug|x64.ActiveCfg = Debug|Any CPU
		{FC06A18D-5542-4D40-83DD-D1D154291BD5}.Debug|x64.Build.0 = Debug|Any CPU
		{FC06A18D-5542-4D40-83DD-D1D154291BD5}.Debug|x86.ActiveCfg = Debug|Any CPU
		{FC06A18D-5542-4D40-83DD-D1D154291BD5}.Debug|x86.Build.0 = Debug|Any CPU
		{FC06A18D-5542-4D40-83DD-D1D154291BD5}.Release|Any CPU.ActiveCfg = Release|Any CPU
		{FC06A18D-5542-4D40-83DD-D1D154291BD5}.Release|Any CPU.Build.0 = Release|Any CPU
		{FC06A18D-5542-4D40-83DD-D1D154291BD5}.Release|x64.ActiveCfg = Release|Any CPU
		{FC06A18D-5542-4D40-83DD-D1D154291BD5}.Release|x64.Build.0 = Release|Any CPU
		{FC06A18D-5542-4D40-83DD-D1D154291BD5}.Release|x86.ActiveCfg = Release|Any CPU
		{FC06A18D-5542-4D40-83DD-D1D154291BD5}.Release|x86.Build.0 = Release|Any CPU
		{D2C3C475-D844-441C-932E-85B2149BA3CC}.Debug|Any CPU.ActiveCfg = Debug|Any CPU
		{D2C3C475-D844-441C-932E-85B2149BA3CC}.Debug|Any CPU.Build.0 = Debug|Any CPU
		{D2C3C475-D844-441C-932E-85B2149BA3CC}.Debug|x64.ActiveCfg = Debug|Any CPU
		{D2C3C475-D844-441C-932E-85B2149BA3CC}.Debug|x64.Build.0 = Debug|Any CPU
		{D2C3C475-D844-441C-932E-85B2149BA3CC}.Debug|x86.ActiveCfg = Debug|Any CPU
		{D2C3C475-D844-441C-932E-85B2149BA3CC}.Debug|x86.Build.0 = Debug|Any CPU
		{D2C3C475-D844-441C-932E-85B2149BA3CC}.Release|Any CPU.ActiveCfg = Release|Any CPU
		{D2C3C475-D844-441C-932E-85B2149BA3CC}.Release|Any CPU.Build.0 = Release|Any CPU
		{D2C3C475-D844-441C-932E-85B2149BA3CC}.Release|x64.ActiveCfg = Release|Any CPU
		{D2C3C475-D844-441C-932E-85B2149BA3CC}.Release|x64.Build.0 = Release|Any CPU
		{D2C3C475-D844-441C-932E-85B2149BA3CC}.Release|x86.ActiveCfg = Release|Any CPU
		{D2C3C475-D844-441C-932E-85B2149BA3CC}.Release|x86.Build.0 = Release|Any CPU
	EndGlobalSection
	GlobalSection(SolutionProperties) = preSolution
		HideSolutionNode = FALSE
	EndGlobalSection
	GlobalSection(NestedProjects) = preSolution
		{A0FE4A3C-BFDB-48F2-9F89-C2B24E0CD2C5} = {827E0CD3-B72D-47B6-A68D-7590B98EB39B}
		{17BE5454-F192-4821-B728-C196F49E95B8} = {827E0CD3-B72D-47B6-A68D-7590B98EB39B}
		{75552EA0-62A9-46A9-B6B0-D399F99B96EB} = {827E0CD3-B72D-47B6-A68D-7590B98EB39B}
		{5D9F2043-85A4-4FBB-956C-131F35871661} = {827E0CD3-B72D-47B6-A68D-7590B98EB39B}
		{517F277C-CD3D-475C-9B46-12AA0772895D} = {0AB3BF05-4346-4AA6-1389-037BE0695223}
		{9A41E960-8596-41A7-B70D-4CAD1A31345C} = {0AB3BF05-4346-4AA6-1389-037BE0695223}
		{FC06A18D-5542-4D40-83DD-D1D154291BD5} = {0AB3BF05-4346-4AA6-1389-037BE0695223}
	EndGlobalSection
EndGlobal
